// !$*UTF8*$!
{
	archiveVersion = 1;
	classes = {
	};
	objectVersion = 46;
	objects = {

/* Begin PBXBuildFile section */
		943B4BCC1A1A105A00119EA2 /* AppDelegate.swift in Sources */ = {isa = PBXBuildFile; fileRef = 943B4BCB1A1A105A00119EA2 /* AppDelegate.swift */; };
		943B4BCE1A1A105A00119EA2 /* ViewController.swift in Sources */ = {isa = PBXBuildFile; fileRef = 943B4BCD1A1A105A00119EA2 /* ViewController.swift */; };
		943B4BD11A1A105A00119EA2 /* Main.storyboard in Resources */ = {isa = PBXBuildFile; fileRef = 943B4BCF1A1A105A00119EA2 /* Main.storyboard */; };
		943B4BD31A1A105A00119EA2 /* Images.xcassets in Resources */ = {isa = PBXBuildFile; fileRef = 943B4BD21A1A105A00119EA2 /* Images.xcassets */; };
		943B4BD61A1A105A00119EA2 /* LaunchScreen.xib in Resources */ = {isa = PBXBuildFile; fileRef = 943B4BD41A1A105A00119EA2 /* LaunchScreen.xib */; };
		943B4BE21A1A105A00119EA2 /* TocckTests.swift in Sources */ = {isa = PBXBuildFile; fileRef = 943B4BE11A1A105A00119EA2 /* TocckTests.swift */; };
		943B4BED1A1A111D00119EA2 /* FacebookSDK.framework in Frameworks */ = {isa = PBXBuildFile; fileRef = 943B4BEC1A1A111D00119EA2 /* FacebookSDK.framework */; };
		943B4BEE1A1A111D00119EA2 /* FacebookSDK.framework in Frameworks */ = {isa = PBXBuildFile; fileRef = 943B4BEC1A1A111D00119EA2 /* FacebookSDK.framework */; };
		943D2BFB1A413ABC00516341 /* chatRoomViewController.swift in Sources */ = {isa = PBXBuildFile; fileRef = 943D2BFA1A413ABC00516341 /* chatRoomViewController.swift */; };
		946414AA1A38087C00B0B92B /* miles.jpg in Resources */ = {isa = PBXBuildFile; fileRef = 946414A91A38087C00B0B92B /* miles.jpg */; };
		9468DF291A41749800F72122 /* currentLocationViewController.swift in Sources */ = {isa = PBXBuildFile; fileRef = 9468DF281A41749800F72122 /* currentLocationViewController.swift */; };
		946A0A441A2C9EB500479EF5 /* myViewController3.swift in Sources */ = {isa = PBXBuildFile; fileRef = 946A0A431A2C9EB500479EF5 /* myViewController3.swift */; };
		946A0A461A2CA52A00479EF5 /* myViewController4.swift in Sources */ = {isa = PBXBuildFile; fileRef = 946A0A451A2CA52A00479EF5 /* myViewController4.swift */; };
		946A0A481A2CB5BB00479EF5 /* facebook-default-no-profile-pic.jpg in Resources */ = {isa = PBXBuildFile; fileRef = 946A0A471A2CB5BB00479EF5 /* facebook-default-no-profile-pic.jpg */; };
		946A0A4C1A2CF11700479EF5 /* female_facebook_profile_picture.jpg in Resources */ = {isa = PBXBuildFile; fileRef = 946A0A4B1A2CF11700479EF5 /* female_facebook_profile_picture.jpg */; };
		9472E6901A1A26BC00475D7B /* MapKit.framework in Frameworks */ = {isa = PBXBuildFile; fileRef = 9472E68F1A1A26BC00475D7B /* MapKit.framework */; };
		9472E6E81A23CAA900475D7B /* AudioToolbox.framework in Frameworks */ = {isa = PBXBuildFile; fileRef = 9472E6DE1A23CAA900475D7B /* AudioToolbox.framework */; };
		9472E6E91A23CAA900475D7B /* CFNetwork.framework in Frameworks */ = {isa = PBXBuildFile; fileRef = 9472E6DF1A23CAA900475D7B /* CFNetwork.framework */; };
		9472E6EA1A23CAA900475D7B /* CoreGraphics.framework in Frameworks */ = {isa = PBXBuildFile; fileRef = 9472E6E01A23CAA900475D7B /* CoreGraphics.framework */; };
		9472E6EB1A23CAA900475D7B /* CoreLocation.framework in Frameworks */ = {isa = PBXBuildFile; fileRef = 9472E6E11A23CAA900475D7B /* CoreLocation.framework */; };
		9472E6EC1A23CAA900475D7B /* libz.dylib in Frameworks */ = {isa = PBXBuildFile; fileRef = 9472E6E21A23CAA900475D7B /* libz.dylib */; };
		9472E6ED1A23CAA900475D7B /* MobileCoreServices.framework in Frameworks */ = {isa = PBXBuildFile; fileRef = 9472E6E31A23CAA900475D7B /* MobileCoreServices.framework */; };
		9472E6EE1A23CAA900475D7B /* QuartzCore.framework in Frameworks */ = {isa = PBXBuildFile; fileRef = 9472E6E41A23CAA900475D7B /* QuartzCore.framework */; };
		9472E6EF1A23CAA900475D7B /* Security.framework in Frameworks */ = {isa = PBXBuildFile; fileRef = 9472E6E51A23CAA900475D7B /* Security.framework */; };
		9472E6F01A23CAA900475D7B /* StoreKit.framework in Frameworks */ = {isa = PBXBuildFile; fileRef = 9472E6E61A23CAA900475D7B /* StoreKit.framework */; };
		9472E6F11A23CAA900475D7B /* SystemConfiguration.framework in Frameworks */ = {isa = PBXBuildFile; fileRef = 9472E6E71A23CAA900475D7B /* SystemConfiguration.framework */; };
		9472E6F61A23CACA00475D7B /* Bolts.framework in Frameworks */ = {isa = PBXBuildFile; fileRef = 9472E6F21A23CACA00475D7B /* Bolts.framework */; };
		9472E6F71A23CACA00475D7B /* Parse.framework in Frameworks */ = {isa = PBXBuildFile; fileRef = 9472E6F31A23CACA00475D7B /* Parse.framework */; };
		9472E6F81A23CACA00475D7B /* ParseFacebookUtils.framework in Frameworks */ = {isa = PBXBuildFile; fileRef = 9472E6F41A23CACA00475D7B /* ParseFacebookUtils.framework */; };
		9472E6F91A23CACA00475D7B /* ParseUI.framework in Frameworks */ = {isa = PBXBuildFile; fileRef = 9472E6F51A23CACA00475D7B /* ParseUI.framework */; };
		948875621A412E7A007EFCAE /* TOCCK.png in Resources */ = {isa = PBXBuildFile; fileRef = 948875611A412E7A007EFCAE /* TOCCK.png */; };
		94A7EA371A36D60D00364A94 /* super_testUser_facebook.jpg in Resources */ = {isa = PBXBuildFile; fileRef = 94A7EA361A36D60D00364A94 /* super_testUser_facebook.jpg */; };
/* End PBXBuildFile section */

/* Begin PBXContainerItemProxy section */
		943B4BDC1A1A105A00119EA2 /* PBXContainerItemProxy */ = {
			isa = PBXContainerItemProxy;
			containerPortal = 943B4BBE1A1A105A00119EA2 /* Project object */;
			proxyType = 1;
			remoteGlobalIDString = 943B4BC51A1A105A00119EA2;
			remoteInfo = Tocck;
		};
/* End PBXContainerItemProxy section */

/* Begin PBXFileReference section */
		943B4BC61A1A105A00119EA2 /* Tocck.app */ = {isa = PBXFileReference; explicitFileType = wrapper.application; includeInIndex = 0; path = Tocck.app; sourceTree = BUILT_PRODUCTS_DIR; };
		943B4BCA1A1A105A00119EA2 /* Info.plist */ = {isa = PBXFileReference; lastKnownFileType = text.plist.xml; path = Info.plist; sourceTree = "<group>"; };
		943B4BCB1A1A105A00119EA2 /* AppDelegate.swift */ = {isa = PBXFileReference; lastKnownFileType = sourcecode.swift; path = AppDelegate.swift; sourceTree = "<group>"; };
		943B4BCD1A1A105A00119EA2 /* ViewController.swift */ = {isa = PBXFileReference; lastKnownFileType = sourcecode.swift; path = ViewController.swift; sourceTree = "<group>"; };
		943B4BD01A1A105A00119EA2 /* Base */ = {isa = PBXFileReference; lastKnownFileType = file.storyboard; name = Base; path = Base.lproj/Main.storyboard; sourceTree = "<group>"; };
		943B4BD21A1A105A00119EA2 /* Images.xcassets */ = {isa = PBXFileReference; lastKnownFileType = folder.assetcatalog; path = Images.xcassets; sourceTree = "<group>"; };
		943B4BD51A1A105A00119EA2 /* Base */ = {isa = PBXFileReference; lastKnownFileType = file.xib; name = Base; path = Base.lproj/LaunchScreen.xib; sourceTree = "<group>"; };
		943B4BDB1A1A105A00119EA2 /* TocckTests.xctest */ = {isa = PBXFileReference; explicitFileType = wrapper.cfbundle; includeInIndex = 0; path = TocckTests.xctest; sourceTree = BUILT_PRODUCTS_DIR; };
		943B4BE01A1A105A00119EA2 /* Info.plist */ = {isa = PBXFileReference; lastKnownFileType = text.plist.xml; path = Info.plist; sourceTree = "<group>"; };
		943B4BE11A1A105A00119EA2 /* TocckTests.swift */ = {isa = PBXFileReference; lastKnownFileType = sourcecode.swift; path = TocckTests.swift; sourceTree = "<group>"; };
		943B4BEC1A1A111D00119EA2 /* FacebookSDK.framework */ = {isa = PBXFileReference; lastKnownFileType = wrapper.framework; name = FacebookSDK.framework; path = ../../../../Documents/FacebookSDK/FacebookSDK.framework; sourceTree = "<group>"; };
		943B4BEF1A1A120800119EA2 /* Bridge-Header.h */ = {isa = PBXFileReference; lastKnownFileType = sourcecode.c.h; path = "Bridge-Header.h"; sourceTree = "<group>"; };
		943D2BFA1A413ABC00516341 /* chatRoomViewController.swift */ = {isa = PBXFileReference; fileEncoding = 4; lastKnownFileType = sourcecode.swift; path = chatRoomViewController.swift; sourceTree = "<group>"; };
		946414A91A38087C00B0B92B /* miles.jpg */ = {isa = PBXFileReference; lastKnownFileType = image.jpeg; name = miles.jpg; path = ../../../UI_Images/miles.jpg; sourceTree = "<group>"; };
		9468DF281A41749800F72122 /* currentLocationViewController.swift */ = {isa = PBXFileReference; fileEncoding = 4; lastKnownFileType = sourcecode.swift; path = currentLocationViewController.swift; sourceTree = "<group>"; };
		946A0A431A2C9EB500479EF5 /* myViewController3.swift */ = {isa = PBXFileReference; fileEncoding = 4; lastKnownFileType = sourcecode.swift; path = myViewController3.swift; sourceTree = "<group>"; };
		946A0A451A2CA52A00479EF5 /* myViewController4.swift */ = {isa = PBXFileReference; fileEncoding = 4; lastKnownFileType = sourcecode.swift; path = myViewController4.swift; sourceTree = "<group>"; };
		946A0A471A2CB5BB00479EF5 /* facebook-default-no-profile-pic.jpg */ = {isa = PBXFileReference; lastKnownFileType = image.jpeg; name = "facebook-default-no-profile-pic.jpg"; path = "../../../profile_user_images/facebook-default-no-profile-pic.jpg"; sourceTree = "<group>"; };
		946A0A4B1A2CF11700479EF5 /* female_facebook_profile_picture.jpg */ = {isa = PBXFileReference; lastKnownFileType = image.jpeg; name = female_facebook_profile_picture.jpg; path = ../../../profile_user_images/female_facebook_profile_picture.jpg; sourceTree = "<group>"; };
		9472E68F1A1A26BC00475D7B /* MapKit.framework */ = {isa = PBXFileReference; lastKnownFileType = wrapper.framework; name = MapKit.framework; path = System/Library/Frameworks/MapKit.framework; sourceTree = SDKROOT; };
		9472E6DE1A23CAA900475D7B /* AudioToolbox.framework */ = {isa = PBXFileReference; lastKnownFileType = wrapper.framework; name = AudioToolbox.framework; path = System/Library/Frameworks/AudioToolbox.framework; sourceTree = SDKROOT; };
		9472E6DF1A23CAA900475D7B /* CFNetwork.framework */ = {isa = PBXFileReference; lastKnownFileType = wrapper.framework; name = CFNetwork.framework; path = System/Library/Frameworks/CFNetwork.framework; sourceTree = SDKROOT; };
		9472E6E01A23CAA900475D7B /* CoreGraphics.framework */ = {isa = PBXFileReference; lastKnownFileType = wrapper.framework; name = CoreGraphics.framework; path = System/Library/Frameworks/CoreGraphics.framework; sourceTree = SDKROOT; };
		9472E6E11A23CAA900475D7B /* CoreLocation.framework */ = {isa = PBXFileReference; lastKnownFileType = wrapper.framework; name = CoreLocation.framework; path = System/Library/Frameworks/CoreLocation.framework; sourceTree = SDKROOT; };
		9472E6E21A23CAA900475D7B /* libz.dylib */ = {isa = PBXFileReference; lastKnownFileType = "compiled.mach-o.dylib"; name = libz.dylib; path = usr/lib/libz.dylib; sourceTree = SDKROOT; };
		9472E6E31A23CAA900475D7B /* MobileCoreServices.framework */ = {isa = PBXFileReference; lastKnownFileType = wrapper.framework; name = MobileCoreServices.framework; path = System/Library/Frameworks/MobileCoreServices.framework; sourceTree = SDKROOT; };
		9472E6E41A23CAA900475D7B /* QuartzCore.framework */ = {isa = PBXFileReference; lastKnownFileType = wrapper.framework; name = QuartzCore.framework; path = System/Library/Frameworks/QuartzCore.framework; sourceTree = SDKROOT; };
		9472E6E51A23CAA900475D7B /* Security.framework */ = {isa = PBXFileReference; lastKnownFileType = wrapper.framework; name = Security.framework; path = System/Library/Frameworks/Security.framework; sourceTree = SDKROOT; };
		9472E6E61A23CAA900475D7B /* StoreKit.framework */ = {isa = PBXFileReference; lastKnownFileType = wrapper.framework; name = StoreKit.framework; path = System/Library/Frameworks/StoreKit.framework; sourceTree = SDKROOT; };
		9472E6E71A23CAA900475D7B /* SystemConfiguration.framework */ = {isa = PBXFileReference; lastKnownFileType = wrapper.framework; name = SystemConfiguration.framework; path = System/Library/Frameworks/SystemConfiguration.framework; sourceTree = SDKROOT; };
		9472E6F21A23CACA00475D7B /* Bolts.framework */ = {isa = PBXFileReference; lastKnownFileType = wrapper.framework; path = Bolts.framework; sourceTree = "<group>"; };
		9472E6F31A23CACA00475D7B /* Parse.framework */ = {isa = PBXFileReference; lastKnownFileType = wrapper.framework; path = Parse.framework; sourceTree = "<group>"; };
		9472E6F41A23CACA00475D7B /* ParseFacebookUtils.framework */ = {isa = PBXFileReference; lastKnownFileType = wrapper.framework; path = ParseFacebookUtils.framework; sourceTree = "<group>"; };
		9472E6F51A23CACA00475D7B /* ParseUI.framework */ = {isa = PBXFileReference; lastKnownFileType = wrapper.framework; path = ParseUI.framework; sourceTree = "<group>"; };
		948875611A412E7A007EFCAE /* TOCCK.png */ = {isa = PBXFileReference; lastKnownFileType = image.png; name = TOCCK.png; path = ../../../UI_Images/TOCCK.png; sourceTree = "<group>"; };
		94A7EA361A36D60D00364A94 /* super_testUser_facebook.jpg */ = {isa = PBXFileReference; lastKnownFileType = image.jpeg; name = super_testUser_facebook.jpg; path = ../../../profile_user_images/super_testUser_facebook.jpg; sourceTree = "<group>"; };
/* End PBXFileReference section */

/* Begin PBXFrameworksBuildPhase section */
		943B4BC31A1A105A00119EA2 /* Frameworks */ = {
			isa = PBXFrameworksBuildPhase;
			buildActionMask = 2147483647;
			files = (
				9472E6F61A23CACA00475D7B /* Bolts.framework in Frameworks */,
				9472E6F71A23CACA00475D7B /* Parse.framework in Frameworks */,
				9472E6F81A23CACA00475D7B /* ParseFacebookUtils.framework in Frameworks */,
				9472E6F91A23CACA00475D7B /* ParseUI.framework in Frameworks */,
				9472E6E81A23CAA900475D7B /* AudioToolbox.framework in Frameworks */,
				9472E6E91A23CAA900475D7B /* CFNetwork.framework in Frameworks */,
				9472E6EA1A23CAA900475D7B /* CoreGraphics.framework in Frameworks */,
				9472E6EB1A23CAA900475D7B /* CoreLocation.framework in Frameworks */,
				9472E6EC1A23CAA900475D7B /* libz.dylib in Frameworks */,
				9472E6ED1A23CAA900475D7B /* MobileCoreServices.framework in Frameworks */,
				9472E6EE1A23CAA900475D7B /* QuartzCore.framework in Frameworks */,
				9472E6EF1A23CAA900475D7B /* Security.framework in Frameworks */,
				9472E6F01A23CAA900475D7B /* StoreKit.framework in Frameworks */,
				9472E6F11A23CAA900475D7B /* SystemConfiguration.framework in Frameworks */,
				9472E6901A1A26BC00475D7B /* MapKit.framework in Frameworks */,
				943B4BED1A1A111D00119EA2 /* FacebookSDK.framework in Frameworks */,
			);
			runOnlyForDeploymentPostprocessing = 0;
		};
		943B4BD81A1A105A00119EA2 /* Frameworks */ = {
			isa = PBXFrameworksBuildPhase;
			buildActionMask = 2147483647;
			files = (
				943B4BEE1A1A111D00119EA2 /* FacebookSDK.framework in Frameworks */,
			);
			runOnlyForDeploymentPostprocessing = 0;
		};
/* End PBXFrameworksBuildPhase section */

/* Begin PBXGroup section */
		943B4BBD1A1A105A00119EA2 = {
			isa = PBXGroup;
			children = (
				9472E6F21A23CACA00475D7B /* Bolts.framework */,
				9472E6F31A23CACA00475D7B /* Parse.framework */,
				9472E6F41A23CACA00475D7B /* ParseFacebookUtils.framework */,
				9472E6F51A23CACA00475D7B /* ParseUI.framework */,
				9472E6DE1A23CAA900475D7B /* AudioToolbox.framework */,
				9472E6DF1A23CAA900475D7B /* CFNetwork.framework */,
				9472E6E01A23CAA900475D7B /* CoreGraphics.framework */,
				9472E6E11A23CAA900475D7B /* CoreLocation.framework */,
				9472E6E21A23CAA900475D7B /* libz.dylib */,
				9472E6E31A23CAA900475D7B /* MobileCoreServices.framework */,
				9472E6E41A23CAA900475D7B /* QuartzCore.framework */,
				9472E6E51A23CAA900475D7B /* Security.framework */,
				9472E6E61A23CAA900475D7B /* StoreKit.framework */,
				9472E6E71A23CAA900475D7B /* SystemConfiguration.framework */,
				9472E68F1A1A26BC00475D7B /* MapKit.framework */,
				943B4BEC1A1A111D00119EA2 /* FacebookSDK.framework */,
				943B4BC81A1A105A00119EA2 /* Tocck */,
				943B4BDE1A1A105A00119EA2 /* TocckTests */,
				943B4BC71A1A105A00119EA2 /* Products */,
			);
			sourceTree = "<group>";
		};
		943B4BC71A1A105A00119EA2 /* Products */ = {
			isa = PBXGroup;
			children = (
				943B4BC61A1A105A00119EA2 /* Tocck.app */,
				943B4BDB1A1A105A00119EA2 /* TocckTests.xctest */,
			);
			name = Products;
			sourceTree = "<group>";
		};
		943B4BC81A1A105A00119EA2 /* Tocck */ = {
			isa = PBXGroup;
			children = (
				948875611A412E7A007EFCAE /* TOCCK.png */,
				946414A91A38087C00B0B92B /* miles.jpg */,
				94A7EA361A36D60D00364A94 /* super_testUser_facebook.jpg */,
				946A0A4B1A2CF11700479EF5 /* female_facebook_profile_picture.jpg */,
				946A0A471A2CB5BB00479EF5 /* facebook-default-no-profile-pic.jpg */,
				943B4BCB1A1A105A00119EA2 /* AppDelegate.swift */,
				943B4BCD1A1A105A00119EA2 /* ViewController.swift */,
				943B4BEF1A1A120800119EA2 /* Bridge-Header.h */,
				943B4BCF1A1A105A00119EA2 /* Main.storyboard */,
				943B4BD21A1A105A00119EA2 /* Images.xcassets */,
				943B4BD41A1A105A00119EA2 /* LaunchScreen.xib */,
				943B4BC91A1A105A00119EA2 /* Supporting Files */,
				946A0A431A2C9EB500479EF5 /* myViewController3.swift */,
				946A0A451A2CA52A00479EF5 /* myViewController4.swift */,
				943D2BFA1A413ABC00516341 /* chatRoomViewController.swift */,
				9468DF281A41749800F72122 /* currentLocationViewController.swift */,
			);
			path = Tocck;
			sourceTree = "<group>";
		};
		943B4BC91A1A105A00119EA2 /* Supporting Files */ = {
			isa = PBXGroup;
			children = (
				943B4BCA1A1A105A00119EA2 /* Info.plist */,
			);
			name = "Supporting Files";
			sourceTree = "<group>";
		};
		943B4BDE1A1A105A00119EA2 /* TocckTests */ = {
			isa = PBXGroup;
			children = (
				943B4BE11A1A105A00119EA2 /* TocckTests.swift */,
				943B4BDF1A1A105A00119EA2 /* Supporting Files */,
			);
			path = TocckTests;
			sourceTree = "<group>";
		};
		943B4BDF1A1A105A00119EA2 /* Supporting Files */ = {
			isa = PBXGroup;
			children = (
				943B4BE01A1A105A00119EA2 /* Info.plist */,
			);
			name = "Supporting Files";
			sourceTree = "<group>";
		};
/* End PBXGroup section */

/* Begin PBXNativeTarget section */
		943B4BC51A1A105A00119EA2 /* Tocck */ = {
			isa = PBXNativeTarget;
			buildConfigurationList = 943B4BE51A1A105A00119EA2 /* Build configuration list for PBXNativeTarget "Tocck" */;
			buildPhases = (
				943B4BC21A1A105A00119EA2 /* Sources */,
				943B4BC31A1A105A00119EA2 /* Frameworks */,
				943B4BC41A1A105A00119EA2 /* Resources */,
			);
			buildRules = (
			);
			dependencies = (
			);
			name = Tocck;
			productName = Tocck;
			productReference = 943B4BC61A1A105A00119EA2 /* Tocck.app */;
			productType = "com.apple.product-type.application";
		};
		943B4BDA1A1A105A00119EA2 /* TocckTests */ = {
			isa = PBXNativeTarget;
			buildConfigurationList = 943B4BE81A1A105A00119EA2 /* Build configuration list for PBXNativeTarget "TocckTests" */;
			buildPhases = (
				943B4BD71A1A105A00119EA2 /* Sources */,
				943B4BD81A1A105A00119EA2 /* Frameworks */,
				943B4BD91A1A105A00119EA2 /* Resources */,
			);
			buildRules = (
			);
			dependencies = (
				943B4BDD1A1A105A00119EA2 /* PBXTargetDependency */,
			);
			name = TocckTests;
			productName = TocckTests;
			productReference = 943B4BDB1A1A105A00119EA2 /* TocckTests.xctest */;
			productType = "com.apple.product-type.bundle.unit-test";
		};
/* End PBXNativeTarget section */

/* Begin PBXProject section */
		943B4BBE1A1A105A00119EA2 /* Project object */ = {
			isa = PBXProject;
			attributes = {
				LastUpgradeCheck = 0610;
				ORGANIZATIONNAME = "Mariem Ayadi";
				TargetAttributes = {
					943B4BC51A1A105A00119EA2 = {
						CreatedOnToolsVersion = 6.1;
					};
					943B4BDA1A1A105A00119EA2 = {
						CreatedOnToolsVersion = 6.1;
						TestTargetID = 943B4BC51A1A105A00119EA2;
					};
				};
			};
			buildConfigurationList = 943B4BC11A1A105A00119EA2 /* Build configuration list for PBXProject "Tocck" */;
			compatibilityVersion = "Xcode 3.2";
			developmentRegion = English;
			hasScannedForEncodings = 0;
			knownRegions = (
				en,
				Base,
			);
			mainGroup = 943B4BBD1A1A105A00119EA2;
			productRefGroup = 943B4BC71A1A105A00119EA2 /* Products */;
			projectDirPath = "";
			projectRoot = "";
			targets = (
				943B4BC51A1A105A00119EA2 /* Tocck */,
				943B4BDA1A1A105A00119EA2 /* TocckTests */,
			);
		};
/* End PBXProject section */

/* Begin PBXResourcesBuildPhase section */
		943B4BC41A1A105A00119EA2 /* Resources */ = {
			isa = PBXResourcesBuildPhase;
			buildActionMask = 2147483647;
			files = (
				948875621A412E7A007EFCAE /* TOCCK.png in Resources */,
				943B4BD11A1A105A00119EA2 /* Main.storyboard in Resources */,
				946A0A4C1A2CF11700479EF5 /* female_facebook_profile_picture.jpg in Resources */,
				946414AA1A38087C00B0B92B /* miles.jpg in Resources */,
				943B4BD61A1A105A00119EA2 /* LaunchScreen.xib in Resources */,
				943B4BD31A1A105A00119EA2 /* Images.xcassets in Resources */,
				94A7EA371A36D60D00364A94 /* super_testUser_facebook.jpg in Resources */,
				946A0A481A2CB5BB00479EF5 /* facebook-default-no-profile-pic.jpg in Resources */,
			);
			runOnlyForDeploymentPostprocessing = 0;
		};
		943B4BD91A1A105A00119EA2 /* Resources */ = {
			isa = PBXResourcesBuildPhase;
			buildActionMask = 2147483647;
			files = (
			);
			runOnlyForDeploymentPostprocessing = 0;
		};
/* End PBXResourcesBuildPhase section */

/* Begin PBXSourcesBuildPhase section */
		943B4BC21A1A105A00119EA2 /* Sources */ = {
			isa = PBXSourcesBuildPhase;
			buildActionMask = 2147483647;
			files = (
				943B4BCE1A1A105A00119EA2 /* ViewController.swift in Sources */,
				9468DF291A41749800F72122 /* currentLocationViewController.swift in Sources */,
				946A0A461A2CA52A00479EF5 /* myViewController4.swift in Sources */,
				946A0A441A2C9EB500479EF5 /* myViewController3.swift in Sources */,
				943B4BCC1A1A105A00119EA2 /* AppDelegate.swift in Sources */,
				943D2BFB1A413ABC00516341 /* chatRoomViewController.swift in Sources */,
			);
			runOnlyForDeploymentPostprocessing = 0;
		};
		943B4BD71A1A105A00119EA2 /* Sources */ = {
			isa = PBXSourcesBuildPhase;
			buildActionMask = 2147483647;
			files = (
				943B4BE21A1A105A00119EA2 /* TocckTests.swift in Sources */,
			);
			runOnlyForDeploymentPostprocessing = 0;
		};
/* End PBXSourcesBuildPhase section */

/* Begin PBXTargetDependency section */
		943B4BDD1A1A105A00119EA2 /* PBXTargetDependency */ = {
			isa = PBXTargetDependency;
			target = 943B4BC51A1A105A00119EA2 /* Tocck */;
			targetProxy = 943B4BDC1A1A105A00119EA2 /* PBXContainerItemProxy */;
		};
/* End PBXTargetDependency section */

/* Begin PBXVariantGroup section */
		943B4BCF1A1A105A00119EA2 /* Main.storyboard */ = {
			isa = PBXVariantGroup;
			children = (
				943B4BD01A1A105A00119EA2 /* Base */,
			);
			name = Main.storyboard;
			sourceTree = "<group>";
		};
		943B4BD41A1A105A00119EA2 /* LaunchScreen.xib */ = {
			isa = PBXVariantGroup;
			children = (
				943B4BD51A1A105A00119EA2 /* Base */,
			);
			name = LaunchScreen.xib;
			sourceTree = "<group>";
		};
/* End PBXVariantGroup section */

/* Begin XCBuildConfiguration section */
		943B4BE31A1A105A00119EA2 /* Debug */ = {
			isa = XCBuildConfiguration;
			buildSettings = {
				ALWAYS_SEARCH_USER_PATHS = NO;
				CLANG_CXX_LANGUAGE_STANDARD = "gnu++0x";
				CLANG_CXX_LIBRARY = "libc++";
				CLANG_ENABLE_MODULES = YES;
				CLANG_ENABLE_OBJC_ARC = YES;
				CLANG_WARN_BOOL_CONVERSION = YES;
				CLANG_WARN_CONSTANT_CONVERSION = YES;
				CLANG_WARN_DIRECT_OBJC_ISA_USAGE = YES_ERROR;
				CLANG_WARN_EMPTY_BODY = YES;
				CLANG_WARN_ENUM_CONVERSION = YES;
				CLANG_WARN_INT_CONVERSION = YES;
				CLANG_WARN_OBJC_ROOT_CLASS = YES_ERROR;
				CLANG_WARN_UNREACHABLE_CODE = YES;
				CLANG_WARN__DUPLICATE_METHOD_MATCH = YES;
				"CODE_SIGN_IDENTITY[sdk=iphoneos*]" = "iPhone Developer";
				COPY_PHASE_STRIP = NO;
				ENABLE_STRICT_OBJC_MSGSEND = YES;
				GCC_C_LANGUAGE_STANDARD = gnu99;
				GCC_DYNAMIC_NO_PIC = NO;
				GCC_OPTIMIZATION_LEVEL = 0;
				GCC_PREPROCESSOR_DEFINITIONS = (
					"DEBUG=1",
					"$(inherited)",
				);
				GCC_SYMBOLS_PRIVATE_EXTERN = NO;
				GCC_WARN_64_TO_32_BIT_CONVERSION = YES;
				GCC_WARN_ABOUT_RETURN_TYPE = YES_ERROR;
				GCC_WARN_UNDECLARED_SELECTOR = YES;
				GCC_WARN_UNINITIALIZED_AUTOS = YES_AGGRESSIVE;
				GCC_WARN_UNUSED_FUNCTION = YES;
				GCC_WARN_UNUSED_VARIABLE = YES;
				IPHONEOS_DEPLOYMENT_TARGET = 8.1;
				MTL_ENABLE_DEBUG_INFO = YES;
				ONLY_ACTIVE_ARCH = YES;
				SDKROOT = iphoneos;
				SWIFT_OPTIMIZATION_LEVEL = "-Onone";
			};
			name = Debug;
		};
		943B4BE41A1A105A00119EA2 /* Release */ = {
			isa = XCBuildConfiguration;
			buildSettings = {
				ALWAYS_SEARCH_USER_PATHS = NO;
				CLANG_CXX_LANGUAGE_STANDARD = "gnu++0x";
				CLANG_CXX_LIBRARY = "libc++";
				CLANG_ENABLE_MODULES = YES;
				CLANG_ENABLE_OBJC_ARC = YES;
				CLANG_WARN_BOOL_CONVERSION = YES;
				CLANG_WARN_CONSTANT_CONVERSION = YES;
				CLANG_WARN_DIRECT_OBJC_ISA_USAGE = YES_ERROR;
				CLANG_WARN_EMPTY_BODY = YES;
				CLANG_WARN_ENUM_CONVERSION = YES;
				CLANG_WARN_INT_CONVERSION = YES;
				CLANG_WARN_OBJC_ROOT_CLASS = YES_ERROR;
				CLANG_WARN_UNREACHABLE_CODE = YES;
				CLANG_WARN__DUPLICATE_METHOD_MATCH = YES;
				"CODE_SIGN_IDENTITY[sdk=iphoneos*]" = "iPhone Developer";
				COPY_PHASE_STRIP = YES;
				ENABLE_NS_ASSERTIONS = NO;
				ENABLE_STRICT_OBJC_MSGSEND = YES;
				GCC_C_LANGUAGE_STANDARD = gnu99;
				GCC_WARN_64_TO_32_BIT_CONVERSION = YES;
				GCC_WARN_ABOUT_RETURN_TYPE = YES_ERROR;
				GCC_WARN_UNDECLARED_SELECTOR = YES;
				GCC_WARN_UNINITIALIZED_AUTOS = YES_AGGRESSIVE;
				GCC_WARN_UNUSED_FUNCTION = YES;
				GCC_WARN_UNUSED_VARIABLE = YES;
				IPHONEOS_DEPLOYMENT_TARGET = 8.1;
				MTL_ENABLE_DEBUG_INFO = NO;
				SDKROOT = iphoneos;
				VALIDATE_PRODUCT = YES;
			};
			name = Release;
		};
		943B4BE61A1A105A00119EA2 /* Debug */ = {
			isa = XCBuildConfiguration;
			buildSettings = {
				ASSETCATALOG_COMPILER_APPICON_NAME = AppIcon;
				FRAMEWORK_SEARCH_PATHS = (
					"$(inherited)",
					/Users/mariemayadi/Documents/FacebookSDK,
					"$(PROJECT_DIR)",
				);
				INFOPLIST_FILE = Tocck/Info.plist;
				LD_RUNPATH_SEARCH_PATHS = "$(inherited) @executable_path/Frameworks";
				PRODUCT_NAME = "$(TARGET_NAME)";
				SWIFT_OBJC_BRIDGING_HEADER = "Tocck/Bridge-Header.h";
			};
			name = Debug;
		};
		943B4BE71A1A105A00119EA2 /* Release */ = {
			isa = XCBuildConfiguration;
			buildSettings = {
				ASSETCATALOG_COMPILER_APPICON_NAME = AppIcon;
				FRAMEWORK_SEARCH_PATHS = (
					"$(inherited)",
					/Users/mariemayadi/Documents/FacebookSDK,
					"$(PROJECT_DIR)",
				);
				INFOPLIST_FILE = Tocck/Info.plist;
				LD_RUNPATH_SEARCH_PATHS = "$(inherited) @executable_path/Frameworks";
				PRODUCT_NAME = "$(TARGET_NAME)";
				SWIFT_OBJC_BRIDGING_HEADER = "Tocck/Bridge-Header.h";
			};
			name = Release;
		};
		943B4BE91A1A105A00119EA2 /* Debug */ = {
			isa = XCBuildConfiguration;
			buildSettings = {
				BUNDLE_LOADER = "$(TEST_HOST)";
				FRAMEWORK_SEARCH_PATHS = (
					"$(SDKROOT)/Developer/Library/Frameworks",
					"$(inherited)",
					/Users/mariemayadi/Documents/FacebookSDK,
				);
				GCC_PREPROCESSOR_DEFINITIONS = (
					"DEBUG=1",
					"$(inherited)",
				);
				INFOPLIST_FILE = TocckTests/Info.plist;
				LD_RUNPATH_SEARCH_PATHS = "$(inherited) @executable_path/Frameworks @loader_path/Frameworks";
				PRODUCT_NAME = "$(TARGET_NAME)";
				TEST_HOST = "$(BUILT_PRODUCTS_DIR)/Tocck.app/Tocck";
			};
			name = Debug;
		};
		943B4BEA1A1A105A00119EA2 /* Release */ = {
			isa = XCBuildConfiguration;
			buildSettings = {
				BUNDLE_LOADER = "$(TEST_HOST)";
				FRAMEWORK_SEARCH_PATHS = (
					"$(SDKROOT)/Developer/Library/Frameworks",
					"$(inherited)",
					/Users/mariemayadi/Documents/FacebookSDK,
				);
				INFOPLIST_FILE = TocckTests/Info.plist;
				LD_RUNPATH_SEARCH_PATHS = "$(inherited) @executable_path/Frameworks @loader_path/Frameworks";
				PRODUCT_NAME = "$(TARGET_NAME)";
				TEST_HOST = "$(BUILT_PRODUCTS_DIR)/Tocck.app/Tocck";
			};
			name = Release;
		};
/* End XCBuildConfiguration section */

/* Begin XCConfigurationList section */
		943B4BC11A1A105A00119EA2 /* Build configuration list for PBXProject "Tocck" */ = {
			isa = XCConfigurationList;
			buildConfigurations = (
				943B4BE31A1A105A00119EA2 /* Debug */,
				943B4BE41A1A105A00119EA2 /* Release */,
			);
			defaultConfigurationIsVisible = 0;
			defaultConfigurationName = Release;
		};
		943B4BE51A1A105A00119EA2 /* Build configuration list for PBXNativeTarget "Tocck" */ = {
			isa = XCConfigurationList;
			buildConfigurations = (
				943B4BE61A1A105A00119EA2 /* Debug */,
				943B4BE71A1A105A00119EA2 /* Release */,
			);
			defaultConfigurationIsVisible = 0;
			defaultConfigurationName = Release;
		};
		943B4BE81A1A105A00119EA2 /* Build configuration list for PBXNativeTarget "TocckTests" */ = {
			isa = XCConfigurationList;
			buildConfigurations = (
				943B4BE91A1A105A00119EA2 /* Debug */,
				943B4BEA1A1A105A00119EA2 /* Release */,
			);
			defaultConfigurationIsVisible = 0;
			defaultConfigurationName = Release;
		};
/* End XCConfigurationList section */
	};
	rootObject = 943B4BBE1A1A105A00119EA2 /* Project object */;
}
